// !$*UTF8*$!
{
	archiveVersion = 1;
	classes = {
	};
	objectVersion = 56;
	objects = {

/* Begin PBXBuildFile section */
		ED339E3129FEA1490080D3E6 /* CrossPlatformAppApp.swift in Sources */ = {isa = PBXBuildFile; fileRef = ED339E3029FEA1490080D3E6 /* CrossPlatformAppApp.swift */; };
		ED339E3329FEA1490080D3E6 /* ContentView.swift in Sources */ = {isa = PBXBuildFile; fileRef = ED339E3229FEA1490080D3E6 /* ContentView.swift */; };
		ED339E3529FEA14C0080D3E6 /* Assets.xcassets in Resources */ = {isa = PBXBuildFile; fileRef = ED339E3429FEA14C0080D3E6 /* Assets.xcassets */; };
		ED339E3929FEA14C0080D3E6 /* Preview Assets.xcassets in Resources */ = {isa = PBXBuildFile; fileRef = ED339E3829FEA14C0080D3E6 /* Preview Assets.xcassets */; };
		ED339E4129FEAEA20080D3E6 /* PlayMenuScreen.swift in Sources */ = {isa = PBXBuildFile; fileRef = ED339E4029FEAEA20080D3E6 /* PlayMenuScreen.swift */; };
		ED339E4329FEB0980080D3E6 /* MenuButton.swift in Sources */ = {isa = PBXBuildFile; fileRef = ED339E4229FEB0980080D3E6 /* MenuButton.swift */; };
		ED339E4829FEB4370080D3E6 /* LeaderboardViewScreen.swift in Sources */ = {isa = PBXBuildFile; fileRef = ED339E4729FEB4370080D3E6 /* LeaderboardViewScreen.swift */; };
		ED339E4A29FEB8640080D3E6 /* SettingsScreen.swift in Sources */ = {isa = PBXBuildFile; fileRef = ED339E4929FEB8640080D3E6 /* SettingsScreen.swift */; };
		ED339E5829FEBD1F0080D3E6 /* Assets.xcassets in Resources */ = {isa = PBXBuildFile; fileRef = ED339E5729FEBD1F0080D3E6 /* Assets.xcassets */; };
		ED339E5B29FEBD1F0080D3E6 /* Preview Assets.xcassets in Resources */ = {isa = PBXBuildFile; fileRef = ED339E5A29FEBD1F0080D3E6 /* Preview Assets.xcassets */; };
		ED339E5F29FEBD660080D3E6 /* ContentView.swift in Sources */ = {isa = PBXBuildFile; fileRef = ED339E3229FEA1490080D3E6 /* ContentView.swift */; };
		ED339E6029FEBD850080D3E6 /* SettingsScreen.swift in Sources */ = {isa = PBXBuildFile; fileRef = ED339E4929FEB8640080D3E6 /* SettingsScreen.swift */; };
		ED339E6129FEBD880080D3E6 /* LeaderboardViewScreen.swift in Sources */ = {isa = PBXBuildFile; fileRef = ED339E4729FEB4370080D3E6 /* LeaderboardViewScreen.swift */; };
		ED339E6229FEBD8C0080D3E6 /* PlayMenuScreen.swift in Sources */ = {isa = PBXBuildFile; fileRef = ED339E4029FEAEA20080D3E6 /* PlayMenuScreen.swift */; };
		ED339E6329FEBF920080D3E6 /* MenuButton.swift in Sources */ = {isa = PBXBuildFile; fileRef = ED339E4229FEB0980080D3E6 /* MenuButton.swift */; };
		ED339E6429FEC09B0080D3E6 /* CrossPlatformAppApp.swift in Sources */ = {isa = PBXBuildFile; fileRef = ED339E3029FEA1490080D3E6 /* CrossPlatformAppApp.swift */; };
/* End PBXBuildFile section */

/* Begin PBXFileReference section */
		ED339E2D29FEA1490080D3E6 /* CrossPlatformApp.app */ = {isa = PBXFileReference; explicitFileType = wrapper.application; includeInIndex = 0; path = CrossPlatformApp.app; sourceTree = BUILT_PRODUCTS_DIR; };
		ED339E3029FEA1490080D3E6 /* CrossPlatformAppApp.swift */ = {isa = PBXFileReference; lastKnownFileType = sourcecode.swift; path = CrossPlatformAppApp.swift; sourceTree = "<group>"; };
		ED339E3229FEA1490080D3E6 /* ContentView.swift */ = {isa = PBXFileReference; lastKnownFileType = sourcecode.swift; path = ContentView.swift; sourceTree = "<group>"; };
		ED339E3429FEA14C0080D3E6 /* Assets.xcassets */ = {isa = PBXFileReference; lastKnownFileType = folder.assetcatalog; path = Assets.xcassets; sourceTree = "<group>"; };
		ED339E3629FEA14C0080D3E6 /* CrossPlatformApp.entitlements */ = {isa = PBXFileReference; lastKnownFileType = text.plist.entitlements; path = CrossPlatformApp.entitlements; sourceTree = "<group>"; };
		ED339E3829FEA14C0080D3E6 /* Preview Assets.xcassets */ = {isa = PBXFileReference; lastKnownFileType = folder.assetcatalog; path = "Preview Assets.xcassets"; sourceTree = "<group>"; };
		ED339E4029FEAEA20080D3E6 /* PlayMenuScreen.swift */ = {isa = PBXFileReference; lastKnownFileType = sourcecode.swift; path = PlayMenuScreen.swift; sourceTree = "<group>"; };
		ED339E4229FEB0980080D3E6 /* MenuButton.swift */ = {isa = PBXFileReference; lastKnownFileType = sourcecode.swift; path = MenuButton.swift; sourceTree = "<group>"; };
		ED339E4729FEB4370080D3E6 /* LeaderboardViewScreen.swift */ = {isa = PBXFileReference; lastKnownFileType = sourcecode.swift; path = LeaderboardViewScreen.swift; sourceTree = "<group>"; };
		ED339E4929FEB8640080D3E6 /* SettingsScreen.swift */ = {isa = PBXFileReference; lastKnownFileType = sourcecode.swift; path = SettingsScreen.swift; sourceTree = "<group>"; };
		ED339E5129FEBD1E0080D3E6 /* CrossPlatformApp.app */ = {isa = PBXFileReference; explicitFileType = wrapper.application; includeInIndex = 0; path = CrossPlatformApp.app; sourceTree = BUILT_PRODUCTS_DIR; };
		ED339E5729FEBD1F0080D3E6 /* Assets.xcassets */ = {isa = PBXFileReference; lastKnownFileType = folder.assetcatalog; path = Assets.xcassets; sourceTree = "<group>"; };
		ED339E5A29FEBD1F0080D3E6 /* Preview Assets.xcassets */ = {isa = PBXFileReference; lastKnownFileType = folder.assetcatalog; path = "Preview Assets.xcassets"; sourceTree = "<group>"; };
/* End PBXFileReference section */

/* Begin PBXFrameworksBuildPhase section */
		ED339E2A29FEA1490080D3E6 /* Frameworks */ = {
			isa = PBXFrameworksBuildPhase;
			buildActionMask = 2147483647;
			files = (
			);
			runOnlyForDeploymentPostprocessing = 0;
		};
		ED339E4E29FEBD1E0080D3E6 /* Frameworks */ = {
			isa = PBXFrameworksBuildPhase;
			buildActionMask = 2147483647;
			files = (
			);
			runOnlyForDeploymentPostprocessing = 0;
		};
/* End PBXFrameworksBuildPhase section */

/* Begin PBXGroup section */
		ED339E2429FEA1490080D3E6 = {
			isa = PBXGroup;
			children = (
				ED339E2F29FEA1490080D3E6 /* CrossPlatformApp */,
				ED339E5229FEBD1E0080D3E6 /* CrossPlatformAppWatchOs Watch App */,
				ED339E2E29FEA1490080D3E6 /* Products */,
			);
			sourceTree = "<group>";
		};
		ED339E2E29FEA1490080D3E6 /* Products */ = {
			isa = PBXGroup;
			children = (
				ED339E2D29FEA1490080D3E6 /* CrossPlatformApp.app */,
				ED339E5129FEBD1E0080D3E6 /* CrossPlatformApp.app */,
			);
			name = Products;
			sourceTree = "<group>";
		};
		ED339E2F29FEA1490080D3E6 /* CrossPlatformApp */ = {
			isa = PBXGroup;
			children = (
				ED339E3F29FEAE5F0080D3E6 /* Screens */,
				ED339E3029FEA1490080D3E6 /* CrossPlatformAppApp.swift */,
				ED339E3429FEA14C0080D3E6 /* Assets.xcassets */,
				ED339E3629FEA14C0080D3E6 /* CrossPlatformApp.entitlements */,
				ED339E3729FEA14C0080D3E6 /* Preview Content */,
			);
			path = CrossPlatformApp;
			sourceTree = "<group>";
		};
		ED339E3729FEA14C0080D3E6 /* Preview Content */ = {
			isa = PBXGroup;
			children = (
				ED339E3829FEA14C0080D3E6 /* Preview Assets.xcassets */,
			);
			path = "Preview Content";
			sourceTree = "<group>";
		};
		ED339E3F29FEAE5F0080D3E6 /* Screens */ = {
			isa = PBXGroup;
			children = (
				ED339E4B29FEB8760080D3E6 /* Shared */,
				ED339E4629FEB4200080D3E6 /* SettingsScreen */,
				ED339E4529FEB40A0080D3E6 /* LeaderboardScreen */,
				ED339E4429FEB2900080D3E6 /* PlayMenuScreen */,
			);
			path = Screens;
			sourceTree = "<group>";
		};
		ED339E4429FEB2900080D3E6 /* PlayMenuScreen */ = {
			isa = PBXGroup;
			children = (
				ED339E4029FEAEA20080D3E6 /* PlayMenuScreen.swift */,
			);
			path = PlayMenuScreen;
			sourceTree = "<group>";
		};
		ED339E4529FEB40A0080D3E6 /* LeaderboardScreen */ = {
			isa = PBXGroup;
			children = (
				ED339E4729FEB4370080D3E6 /* LeaderboardViewScreen.swift */,
			);
			path = LeaderboardScreen;
			sourceTree = "<group>";
		};
		ED339E4629FEB4200080D3E6 /* SettingsScreen */ = {
			isa = PBXGroup;
			children = (
				ED339E4929FEB8640080D3E6 /* SettingsScreen.swift */,
			);
			path = SettingsScreen;
			sourceTree = "<group>";
		};
		ED339E4B29FEB8760080D3E6 /* Shared */ = {
			isa = PBXGroup;
			children = (
				ED339E4C29FEB87F0080D3E6 /* UI */,
			);
			path = Shared;
			sourceTree = "<group>";
		};
		ED339E4C29FEB87F0080D3E6 /* UI */ = {
			isa = PBXGroup;
			children = (
				ED339E3229FEA1490080D3E6 /* ContentView.swift */,
				ED339E4229FEB0980080D3E6 /* MenuButton.swift */,
			);
			path = UI;
			sourceTree = "<group>";
		};
		ED339E5229FEBD1E0080D3E6 /* CrossPlatformAppWatchOs Watch App */ = {
			isa = PBXGroup;
			children = (
				ED339E5729FEBD1F0080D3E6 /* Assets.xcassets */,
				ED339E5929FEBD1F0080D3E6 /* Preview Content */,
			);
			path = "CrossPlatformAppWatchOs Watch App";
			sourceTree = "<group>";
		};
		ED339E5929FEBD1F0080D3E6 /* Preview Content */ = {
			isa = PBXGroup;
			children = (
				ED339E5A29FEBD1F0080D3E6 /* Preview Assets.xcassets */,
			);
			path = "Preview Content";
			sourceTree = "<group>";
		};
/* End PBXGroup section */

/* Begin PBXNativeTarget section */
		ED339E2C29FEA1490080D3E6 /* CrossPlatformApp */ = {
			isa = PBXNativeTarget;
			buildConfigurationList = ED339E3C29FEA14C0080D3E6 /* Build configuration list for PBXNativeTarget "CrossPlatformApp" */;
			buildPhases = (
				ED339E2929FEA1490080D3E6 /* Sources */,
				ED339E2A29FEA1490080D3E6 /* Frameworks */,
				ED339E2B29FEA1490080D3E6 /* Resources */,
			);
			buildRules = (
			);
			dependencies = (
			);
			name = CrossPlatformApp;
			productName = CrossPlatformApp;
			productReference = ED339E2D29FEA1490080D3E6 /* CrossPlatformApp.app */;
			productType = "com.apple.product-type.application";
		};
		ED339E5029FEBD1E0080D3E6 /* CrossPlatformApp Watch App */ = {
			isa = PBXNativeTarget;
			buildConfigurationList = ED339E5C29FEBD1F0080D3E6 /* Build configuration list for PBXNativeTarget "CrossPlatformApp Watch App" */;
			buildPhases = (
				ED339E4D29FEBD1E0080D3E6 /* Sources */,
				ED339E4E29FEBD1E0080D3E6 /* Frameworks */,
				ED339E4F29FEBD1E0080D3E6 /* Resources */,
			);
			buildRules = (
			);
			dependencies = (
			);
			name = "CrossPlatformApp Watch App";
			productName = "CrossPlatformAppWatchOs Watch App";
			productReference = ED339E5129FEBD1E0080D3E6 /* CrossPlatformApp.app */;
			productType = "com.apple.product-type.application";
		};
/* End PBXNativeTarget section */

/* Begin PBXProject section */
		ED339E2529FEA1490080D3E6 /* Project object */ = {
			isa = PBXProject;
			attributes = {
				BuildIndependentTargetsInParallel = 1;
				LastSwiftUpdateCheck = 1420;
				LastUpgradeCheck = 1420;
				TargetAttributes = {
					ED339E2C29FEA1490080D3E6 = {
						CreatedOnToolsVersion = 14.2;
					};
					ED339E5029FEBD1E0080D3E6 = {
						CreatedOnToolsVersion = 14.2;
					};
				};
			};
			buildConfigurationList = ED339E2829FEA1490080D3E6 /* Build configuration list for PBXProject "CrossPlatformApp" */;
			compatibilityVersion = "Xcode 14.0";
			developmentRegion = en;
			hasScannedForEncodings = 0;
			knownRegions = (
				en,
				Base,
			);
			mainGroup = ED339E2429FEA1490080D3E6;
			productRefGroup = ED339E2E29FEA1490080D3E6 /* Products */;
			projectDirPath = "";
			projectRoot = "";
			targets = (
				ED339E2C29FEA1490080D3E6 /* CrossPlatformApp */,
				ED339E5029FEBD1E0080D3E6 /* CrossPlatformApp Watch App */,
			);
		};
/* End PBXProject section */

/* Begin PBXResourcesBuildPhase section */
		ED339E2B29FEA1490080D3E6 /* Resources */ = {
			isa = PBXResourcesBuildPhase;
			buildActionMask = 2147483647;
			files = (
				ED339E3929FEA14C0080D3E6 /* Preview Assets.xcassets in Resources */,
				ED339E3529FEA14C0080D3E6 /* Assets.xcassets in Resources */,
			);
			runOnlyForDeploymentPostprocessing = 0;
		};
		ED339E4F29FEBD1E0080D3E6 /* Resources */ = {
			isa = PBXResourcesBuildPhase;
			buildActionMask = 2147483647;
			files = (
				ED339E5B29FEBD1F0080D3E6 /* Preview Assets.xcassets in Resources */,
				ED339E5829FEBD1F0080D3E6 /* Assets.xcassets in Resources */,
			);
			runOnlyForDeploymentPostprocessing = 0;
		};
/* End PBXResourcesBuildPhase section */

/* Begin PBXSourcesBuildPhase section */
		ED339E2929FEA1490080D3E6 /* Sources */ = {
			isa = PBXSourcesBuildPhase;
			buildActionMask = 2147483647;
			files = (
				ED339E4329FEB0980080D3E6 /* MenuButton.swift in Sources */,
				ED339E3329FEA1490080D3E6 /* ContentView.swift in Sources */,
				ED339E3129FEA1490080D3E6 /* CrossPlatformAppApp.swift in Sources */,
				ED339E4129FEAEA20080D3E6 /* PlayMenuScreen.swift in Sources */,
				ED339E4A29FEB8640080D3E6 /* SettingsScreen.swift in Sources */,
				ED339E4829FEB4370080D3E6 /* LeaderboardViewScreen.swift in Sources */,
			);
			runOnlyForDeploymentPostprocessing = 0;
		};
		ED339E4D29FEBD1E0080D3E6 /* Sources */ = {
			isa = PBXSourcesBuildPhase;
			buildActionMask = 2147483647;
			files = (
				ED339E6029FEBD850080D3E6 /* SettingsScreen.swift in Sources */,
				ED339E6429FEC09B0080D3E6 /* CrossPlatformAppApp.swift in Sources */,
				ED339E6129FEBD880080D3E6 /* LeaderboardViewScreen.swift in Sources */,
				ED339E6329FEBF920080D3E6 /* MenuButton.swift in Sources */,
				ED339E6229FEBD8C0080D3E6 /* PlayMenuScreen.swift in Sources */,
				ED339E5F29FEBD660080D3E6 /* ContentView.swift in Sources */,
			);
			runOnlyForDeploymentPostprocessing = 0;
		};
/* End PBXSourcesBuildPhase section */

/* Begin XCBuildConfiguration section */
		ED339E3A29FEA14C0080D3E6 /* Debug */ = {
			isa = XCBuildConfiguration;
			buildSettings = {
				ALWAYS_SEARCH_USER_PATHS = NO;
				CLANG_ANALYZER_NONNULL = YES;
				CLANG_ANALYZER_NUMBER_OBJECT_CONVERSION = YES_AGGRESSIVE;
				CLANG_CXX_LANGUAGE_STANDARD = "gnu++20";
				CLANG_ENABLE_MODULES = YES;
				CLANG_ENABLE_OBJC_ARC = YES;
				CLANG_ENABLE_OBJC_WEAK = YES;
				CLANG_WARN_BLOCK_CAPTURE_AUTORELEASING = YES;
				CLANG_WARN_BOOL_CONVERSION = YES;
				CLANG_WARN_COMMA = YES;
				CLANG_WARN_CONSTANT_CONVERSION = YES;
				CLANG_WARN_DEPRECATED_OBJC_IMPLEMENTATIONS = YES;
				CLANG_WARN_DIRECT_OBJC_ISA_USAGE = YES_ERROR;
				CLANG_WARN_DOCUMENTATION_COMMENTS = YES;
				CLANG_WARN_EMPTY_BODY = YES;
				CLANG_WARN_ENUM_CONVERSION = YES;
				CLANG_WARN_INFINITE_RECURSION = YES;
				CLANG_WARN_INT_CONVERSION = YES;
				CLANG_WARN_NON_LITERAL_NULL_CONVERSION = YES;
				CLANG_WARN_OBJC_IMPLICIT_RETAIN_SELF = YES;
				CLANG_WARN_OBJC_LITERAL_CONVERSION = YES;
				CLANG_WARN_OBJC_ROOT_CLASS = YES_ERROR;
				CLANG_WARN_QUOTED_INCLUDE_IN_FRAMEWORK_HEADER = YES;
				CLANG_WARN_RANGE_LOOP_ANALYSIS = YES;
				CLANG_WARN_STRICT_PROTOTYPES = YES;
				CLANG_WARN_SUSPICIOUS_MOVE = YES;
				CLANG_WARN_UNGUARDED_AVAILABILITY = YES_AGGRESSIVE;
				CLANG_WARN_UNREACHABLE_CODE = YES;
				CLANG_WARN__DUPLICATE_METHOD_MATCH = YES;
				COPY_PHASE_STRIP = NO;
				DEBUG_INFORMATION_FORMAT = dwarf;
				ENABLE_STRICT_OBJC_MSGSEND = YES;
				ENABLE_TESTABILITY = YES;
				GCC_C_LANGUAGE_STANDARD = gnu11;
				GCC_DYNAMIC_NO_PIC = NO;
				GCC_NO_COMMON_BLOCKS = YES;
				GCC_OPTIMIZATION_LEVEL = 0;
				GCC_PREPROCESSOR_DEFINITIONS = (
					"DEBUG=1",
					"$(inherited)",
				);
				GCC_WARN_64_TO_32_BIT_CONVERSION = YES;
				GCC_WARN_ABOUT_RETURN_TYPE = YES_ERROR;
				GCC_WARN_UNDECLARED_SELECTOR = YES;
				GCC_WARN_UNINITIALIZED_AUTOS = YES_AGGRESSIVE;
				GCC_WARN_UNUSED_FUNCTION = YES;
				GCC_WARN_UNUSED_VARIABLE = YES;
				MTL_ENABLE_DEBUG_INFO = INCLUDE_SOURCE;
				MTL_FAST_MATH = YES;
				ONLY_ACTIVE_ARCH = YES;
				SWIFT_ACTIVE_COMPILATION_CONDITIONS = DEBUG;
				SWIFT_OPTIMIZATION_LEVEL = "-Onone";
			};
			name = Debug;
		};
		ED339E3B29FEA14C0080D3E6 /* Release */ = {
			isa = XCBuildConfiguration;
			buildSettings = {
				ALWAYS_SEARCH_USER_PATHS = NO;
				CLANG_ANALYZER_NONNULL = YES;
				CLANG_ANALYZER_NUMBER_OBJECT_CONVERSION = YES_AGGRESSIVE;
				CLANG_CXX_LANGUAGE_STANDARD = "gnu++20";
				CLANG_ENABLE_MODULES = YES;
				CLANG_ENABLE_OBJC_ARC = YES;
				CLANG_ENABLE_OBJC_WEAK = YES;
				CLANG_WARN_BLOCK_CAPTURE_AUTORELEASING = YES;
				CLANG_WARN_BOOL_CONVERSION = YES;
				CLANG_WARN_COMMA = YES;
				CLANG_WARN_CONSTANT_CONVERSION = YES;
				CLANG_WARN_DEPRECATED_OBJC_IMPLEMENTATIONS = YES;
				CLANG_WARN_DIRECT_OBJC_ISA_USAGE = YES_ERROR;
				CLANG_WARN_DOCUMENTATION_COMMENTS = YES;
				CLANG_WARN_EMPTY_BODY = YES;
				CLANG_WARN_ENUM_CONVERSION = YES;
				CLANG_WARN_INFINITE_RECURSION = YES;
				CLANG_WARN_INT_CONVERSION = YES;
				CLANG_WARN_NON_LITERAL_NULL_CONVERSION = YES;
				CLANG_WARN_OBJC_IMPLICIT_RETAIN_SELF = YES;
				CLANG_WARN_OBJC_LITERAL_CONVERSION = YES;
				CLANG_WARN_OBJC_ROOT_CLASS = YES_ERROR;
				CLANG_WARN_QUOTED_INCLUDE_IN_FRAMEWORK_HEADER = YES;
				CLANG_WARN_RANGE_LOOP_ANALYSIS = YES;
				CLANG_WARN_STRICT_PROTOTYPES = YES;
				CLANG_WARN_SUSPICIOUS_MOVE = YES;
				CLANG_WARN_UNGUARDED_AVAILABILITY = YES_AGGRESSIVE;
				CLANG_WARN_UNREACHABLE_CODE = YES;
				CLANG_WARN__DUPLICATE_METHOD_MATCH = YES;
				COPY_PHASE_STRIP = NO;
				DEBUG_INFORMATION_FORMAT = "dwarf-with-dsym";
				ENABLE_NS_ASSERTIONS = NO;
				ENABLE_STRICT_OBJC_MSGSEND = YES;
				GCC_C_LANGUAGE_STANDARD = gnu11;
				GCC_NO_COMMON_BLOCKS = YES;
				GCC_WARN_64_TO_32_BIT_CONVERSION = YES;
				GCC_WARN_ABOUT_RETURN_TYPE = YES_ERROR;
				GCC_WARN_UNDECLARED_SELECTOR = YES;
				GCC_WARN_UNINITIALIZED_AUTOS = YES_AGGRESSIVE;
				GCC_WARN_UNUSED_FUNCTION = YES;
				GCC_WARN_UNUSED_VARIABLE = YES;
				MTL_ENABLE_DEBUG_INFO = NO;
				MTL_FAST_MATH = YES;
				SWIFT_COMPILATION_MODE = wholemodule;
				SWIFT_OPTIMIZATION_LEVEL = "-O";
			};
			name = Release;
		};
		ED339E3D29FEA14C0080D3E6 /* Debug */ = {
			isa = XCBuildConfiguration;
			buildSettings = {
				ASSETCATALOG_COMPILER_APPICON_NAME = AppIcon;
				ASSETCATALOG_COMPILER_GLOBAL_ACCENT_COLOR_NAME = AccentColor;
				CODE_SIGN_ENTITLEMENTS = CrossPlatformApp/CrossPlatformApp.entitlements;
				CODE_SIGN_STYLE = Automatic;
				CURRENT_PROJECT_VERSION = 1;
				DEVELOPMENT_ASSET_PATHS = "\"CrossPlatformApp/Preview Content\"";
				DEVELOPMENT_TEAM = PY9TWBV6RF;
				ENABLE_HARDENED_RUNTIME = YES;
				ENABLE_PREVIEWS = YES;
				GENERATE_INFOPLIST_FILE = YES;
				"INFOPLIST_KEY_UIApplicationSceneManifest_Generation[sdk=iphoneos*]" = YES;
				"INFOPLIST_KEY_UIApplicationSceneManifest_Generation[sdk=iphonesimulator*]" = YES;
				"INFOPLIST_KEY_UIApplicationSupportsIndirectInputEvents[sdk=iphoneos*]" = YES;
				"INFOPLIST_KEY_UIApplicationSupportsIndirectInputEvents[sdk=iphonesimulator*]" = YES;
				"INFOPLIST_KEY_UILaunchScreen_Generation[sdk=iphoneos*]" = YES;
				"INFOPLIST_KEY_UILaunchScreen_Generation[sdk=iphonesimulator*]" = YES;
				"INFOPLIST_KEY_UIStatusBarStyle[sdk=iphoneos*]" = UIStatusBarStyleDefault;
				"INFOPLIST_KEY_UIStatusBarStyle[sdk=iphonesimulator*]" = UIStatusBarStyleDefault;
				INFOPLIST_KEY_UISupportedInterfaceOrientations_iPad = "UIInterfaceOrientationPortrait UIInterfaceOrientationPortraitUpsideDown UIInterfaceOrientationLandscapeLeft UIInterfaceOrientationLandscapeRight";
				INFOPLIST_KEY_UISupportedInterfaceOrientations_iPhone = "UIInterfaceOrientationPortrait UIInterfaceOrientationLandscapeLeft UIInterfaceOrientationLandscapeRight";
				IPHONEOS_DEPLOYMENT_TARGET = 16.2;
				LD_RUNPATH_SEARCH_PATHS = "@executable_path/Frameworks";
				"LD_RUNPATH_SEARCH_PATHS[sdk=macosx*]" = "@executable_path/../Frameworks";
				MACOSX_DEPLOYMENT_TARGET = 13.1;
				MARKETING_VERSION = 1.0;
				PRODUCT_BUNDLE_IDENTIFIER = ownTeam.CrossPlatformApp;
				PRODUCT_NAME = "$(TARGET_NAME)";
				SDKROOT = auto;
				SUPPORTED_PLATFORMS = "appletvos appletvsimulator iphoneos iphonesimulator macosx";
				SUPPORTS_MACCATALYST = NO;
				SUPPORTS_MAC_DESIGNED_FOR_IPHONE_IPAD = NO;
				SWIFT_EMIT_LOC_STRINGS = YES;
				SWIFT_VERSION = 5.0;
				TARGETED_DEVICE_FAMILY = "1,2,3";
			};
			name = Debug;
		};
		ED339E3E29FEA14C0080D3E6 /* Release */ = {
			isa = XCBuildConfiguration;
			buildSettings = {
				ASSETCATALOG_COMPILER_APPICON_NAME = AppIcon;
				ASSETCATALOG_COMPILER_GLOBAL_ACCENT_COLOR_NAME = AccentColor;
				CODE_SIGN_ENTITLEMENTS = CrossPlatformApp/CrossPlatformApp.entitlements;
				CODE_SIGN_STYLE = Automatic;
				CURRENT_PROJECT_VERSION = 1;
				DEVELOPMENT_ASSET_PATHS = "\"CrossPlatformApp/Preview Content\"";
				DEVELOPMENT_TEAM = PY9TWBV6RF;
				ENABLE_HARDENED_RUNTIME = YES;
				ENABLE_PREVIEWS = YES;
				GENERATE_INFOPLIST_FILE = YES;
				"INFOPLIST_KEY_UIApplicationSceneManifest_Generation[sdk=iphoneos*]" = YES;
				"INFOPLIST_KEY_UIApplicationSceneManifest_Generation[sdk=iphonesimulator*]" = YES;
				"INFOPLIST_KEY_UIApplicationSupportsIndirectInputEvents[sdk=iphoneos*]" = YES;
				"INFOPLIST_KEY_UIApplicationSupportsIndirectInputEvents[sdk=iphonesimulator*]" = YES;
				"INFOPLIST_KEY_UILaunchScreen_Generation[sdk=iphoneos*]" = YES;
				"INFOPLIST_KEY_UILaunchScreen_Generation[sdk=iphonesimulator*]" = YES;
				"INFOPLIST_KEY_UIStatusBarStyle[sdk=iphoneos*]" = UIStatusBarStyleDefault;
				"INFOPLIST_KEY_UIStatusBarStyle[sdk=iphonesimulator*]" = UIStatusBarStyleDefault;
				INFOPLIST_KEY_UISupportedInterfaceOrientations_iPad = "UIInterfaceOrientationPortrait UIInterfaceOrientationPortraitUpsideDown UIInterfaceOrientationLandscapeLeft UIInterfaceOrientationLandscapeRight";
				INFOPLIST_KEY_UISupportedInterfaceOrientations_iPhone = "UIInterfaceOrientationPortrait UIInterfaceOrientationLandscapeLeft UIInterfaceOrientationLandscapeRight";
				IPHONEOS_DEPLOYMENT_TARGET = 16.2;
				LD_RUNPATH_SEARCH_PATHS = "@executable_path/Frameworks";
				"LD_RUNPATH_SEARCH_PATHS[sdk=macosx*]" = "@executable_path/../Frameworks";
				MACOSX_DEPLOYMENT_TARGET = 13.1;
				MARKETING_VERSION = 1.0;
				PRODUCT_BUNDLE_IDENTIFIER = ownTeam.CrossPlatformApp;
				PRODUCT_NAME = "$(TARGET_NAME)";
				SDKROOT = auto;
				SUPPORTED_PLATFORMS = "appletvos appletvsimulator iphoneos iphonesimulator macosx";
				SUPPORTS_MACCATALYST = NO;
				SUPPORTS_MAC_DESIGNED_FOR_IPHONE_IPAD = NO;
				SWIFT_EMIT_LOC_STRINGS = YES;
				SWIFT_VERSION = 5.0;
				TARGETED_DEVICE_FAMILY = "1,2,3";
			};
			name = Release;
		};
		ED339E5D29FEBD1F0080D3E6 /* Debug */ = {
			isa = XCBuildConfiguration;
			buildSettings = {
				ASSETCATALOG_COMPILER_APPICON_NAME = AppIcon;
				ASSETCATALOG_COMPILER_GLOBAL_ACCENT_COLOR_NAME = AccentColor;
				CODE_SIGN_STYLE = Automatic;
				CURRENT_PROJECT_VERSION = 1;
				DEVELOPMENT_ASSET_PATHS = "\"CrossPlatformAppWatchOs Watch App/Preview Content\"";
				DEVELOPMENT_TEAM = PY9TWBV6RF;
				ENABLE_PREVIEWS = YES;
				GENERATE_INFOPLIST_FILE = YES;
				INFOPLIST_KEY_UISupportedInterfaceOrientations = "UIInterfaceOrientationPortrait UIInterfaceOrientationPortraitUpsideDown";
				INFOPLIST_KEY_WKCompanionAppBundleIdentifier = "";
				INFOPLIST_KEY_WKRunsIndependentlyOfCompanionApp = YES;
				LD_RUNPATH_SEARCH_PATHS = (
					"$(inherited)",
					"@executable_path/Frameworks",
				);
				MARKETING_VERSION = 1.0;
				PRODUCT_BUNDLE_IDENTIFIER = .watchkitapp;
				PRODUCT_NAME = CrossPlatformApp;
				SDKROOT = watchos;
				SKIP_INSTALL = YES;
				SWIFT_EMIT_LOC_STRINGS = YES;
				SWIFT_VERSION = 5.0;
				TARGETED_DEVICE_FAMILY = 4;
				WATCHOS_DEPLOYMENT_TARGET = 9.1;
			};
			name = Debug;
		};
		ED339E5E29FEBD1F0080D3E6 /* Release */ = {
			isa = XCBuildConfiguration;
			buildSettings = {
				ASSETCATALOG_COMPILER_APPICON_NAME = AppIcon;
				ASSETCATALOG_COMPILER_GLOBAL_ACCENT_COLOR_NAME = AccentColor;
				CODE_SIGN_STYLE = Automatic;
				CURRENT_PROJECT_VERSION = 1;
				DEVELOPMENT_ASSET_PATHS = "\"CrossPlatformAppWatchOs Watch App/Preview Content\"";
				DEVELOPMENT_TEAM = PY9TWBV6RF;
				ENABLE_PREVIEWS = YES;
				GENERATE_INFOPLIST_FILE = YES;
				INFOPLIST_KEY_UISupportedInterfaceOrientations = "UIInterfaceOrientationPortrait UIInterfaceOrientationPortraitUpsideDown";
				INFOPLIST_KEY_WKCompanionAppBundleIdentifier = "";
				INFOPLIST_KEY_WKRunsIndependentlyOfCompanionApp = YES;
				LD_RUNPATH_SEARCH_PATHS = (
					"$(inherited)",
					"@executable_path/Frameworks",
				);
				MARKETING_VERSION = 1.0;
				PRODUCT_BUNDLE_IDENTIFIER = .watchkitapp;
				PRODUCT_NAME = CrossPlatformApp;
				SDKROOT = watchos;
				SKIP_INSTALL = YES;
				SWIFT_EMIT_LOC_STRINGS = YES;
				SWIFT_VERSION = 5.0;
				TARGETED_DEVICE_FAMILY = 4;
				VALIDATE_PRODUCT = YES;
				WATCHOS_DEPLOYMENT_TARGET = 9.1;
			};
			name = Release;
		};
/* End XCBuildConfiguration section */

/* Begin XCConfigurationList section */
		ED339E2829FEA1490080D3E6 /* Build configuration list for PBXProject "CrossPlatformApp" */ = {
			isa = XCConfigurationList;
			buildConfigurations = (
				ED339E3A29FEA14C0080D3E6 /* Debug */,
				ED339E3B29FEA14C0080D3E6 /* Release */,
			);
			defaultConfigurationIsVisible = 0;
			defaultConfigurationName = Release;
		};
		ED339E3C29FEA14C0080D3E6 /* Build configuration list for PBXNativeTarget "CrossPlatformApp" */ = {
			isa = XCConfigurationList;
			buildConfigurations = (
				ED339E3D29FEA14C0080D3E6 /* Debug */,
				ED339E3E29FEA14C0080D3E6 /* Release */,
			);
			defaultConfigurationIsVisible = 0;
			defaultConfigurationName = Release;
		};
		ED339E5C29FEBD1F0080D3E6 /* Build configuration list for PBXNativeTarget "CrossPlatformApp Watch App" */ = {
			isa = XCConfigurationList;
			buildConfigurations = (
				ED339E5D29FEBD1F0080D3E6 /* Debug */,
				ED339E5E29FEBD1F0080D3E6 /* Release */,
			);
			defaultConfigurationIsVisible = 0;
			defaultConfigurationName = Release;
		};
/* End XCConfigurationList section */
	};
	rootObject = ED339E2529FEA1490080D3E6 /* Project object */;
}
